Microsoft Visual Studio Solution File, Format Version 8.00
Project("{FAE04EC0-301F-11D3-BF4B-00C04F79EFBC}") = "NandNN", "NandNN.csproj", "{FC52B096-2B23-4E65-BB61-23A4B38AC8C7}"
	ProjectSection(ProjectDependencies) = postProject
	EndProjectSection
EndProject
Global
	GlobalSection(SolutionConfiguration) = preSolution
		Debug = Debug
		Release = Release
	EndGlobalSection
	GlobalSection(ProjectConfiguration) = postSolution
		{FC52B096-2B23-4E65-BB61-23A4B38AC8C7}.Debug.ActiveCfg = Debug|.NET
		{FC52B096-2B23-4E65-BB61-23A4B38AC8C7}.Debug.Build.0 = Debug|.NET
		{FC52B096-2B23-4E65-BB61-23A4B38AC8C7}.Release.ActiveCfg = Release|.NET
		{FC52B096-2B23-4E65-BB61-23A4B38AC8C7}.Release.Build.0 = Release|.NET
	EndGlobalSection
	GlobalSection(ExtensibilityGlobals) = postSolution
	EndGlobalSection
	GlobalSection(ExtensibilityAddIns) = postSolution
	EndGlobalSection
EndGlobal
